
Microsoft Visual Studio Solution File, Format Version 12.00
# Visual Studio Version 17
VisualStudioVersion = 17.13.35919.96
MinimumVisualStudioVersion = 10.0.40219.1
Project("{8BC9CEB8-8B4A-11D0-8D11-00A0C91BC942}") = "HelloWorld", "HelloWorld\HelloWorld.vcxproj", "{6991F065-A0B1-438E-B113-711C6D5CCDC9}"
EndProject
Project("{8BC9CEB8-8B4A-11D0-8D11-00A0C91BC942}") = "DataTypes", "DataTypes\DataTypes.vcxproj", "{2F15C12F-66B3-41EA-948A-4D38AF6109D9}"
EndProject
Project("{8BC9CEB8-8B4A-11D0-8D11-00A0C91BC942}") = "UserDataTypes", "UserDataTypes\UserDataTypes.vcxproj", "{41936EDB-EE96-43E2-AE05-85B2613108FA}"
EndProject
Project("{8BC9CEB8-8B4A-11D0-8D11-00A0C91BC942}") = "JavaToC++", "JavaToC++\JavaToC++.vcxproj", "{5CF7D4BF-E706-412C-93FF-D53483CC7674}"
EndProject
Project("{8BC9CEB8-8B4A-11D0-8D11-00A0C91BC942}") = "Containers", "Containers\Containers.vcxproj", "{AEE0623A-2580-4E50-999D-838B3F28080E}"
EndProject
Project("{8BC9CEB8-8B4A-11D0-8D11-00A0C91BC942}") = "MemoryReview", "MemoryReview\MemoryReview.vcxproj", "{35D90600-0924-4FF0-9F43-9BC0CEF84109}"
EndProject
Project("{8BC9CEB8-8B4A-11D0-8D11-00A0C91BC942}") = "Classes", "Classes\Classes.vcxproj", "{C0687780-E63B-404E-8D4A-67F31E5C04E4}"
EndProject
Project("{8BC9CEB8-8B4A-11D0-8D11-00A0C91BC942}") = "Fail", "Fail\Fail.vcxproj", "{C107A975-3B7D-4059-A3DD-1AB839207456}"
EndProject
Global
	GlobalSection(SolutionConfigurationPlatforms) = preSolution
		Debug|x64 = Debug|x64
		Debug|x86 = Debug|x86
		Release|x64 = Release|x64
		Release|x86 = Release|x86
	EndGlobalSection
	GlobalSection(ProjectConfigurationPlatforms) = postSolution
		{6991F065-A0B1-438E-B113-711C6D5CCDC9}.Debug|x64.ActiveCfg = Debug|x64
		{6991F065-A0B1-438E-B113-711C6D5CCDC9}.Debug|x64.Build.0 = Debug|x64
		{6991F065-A0B1-438E-B113-711C6D5CCDC9}.Debug|x86.ActiveCfg = Debug|Win32
		{6991F065-A0B1-438E-B113-711C6D5CCDC9}.Debug|x86.Build.0 = Debug|Win32
		{6991F065-A0B1-438E-B113-711C6D5CCDC9}.Release|x64.ActiveCfg = Release|x64
		{6991F065-A0B1-438E-B113-711C6D5CCDC9}.Release|x64.Build.0 = Release|x64
		{6991F065-A0B1-438E-B113-711C6D5CCDC9}.Release|x86.ActiveCfg = Release|Win32
		{6991F065-A0B1-438E-B113-711C6D5CCDC9}.Release|x86.Build.0 = Release|Win32
		{2F15C12F-66B3-41EA-948A-4D38AF6109D9}.Debug|x64.ActiveCfg = Debug|x64
		{2F15C12F-66B3-41EA-948A-4D38AF6109D9}.Debug|x64.Build.0 = Debug|x64
		{2F15C12F-66B3-41EA-948A-4D38AF6109D9}.Debug|x86.ActiveCfg = Debug|Win32
		{2F15C12F-66B3-41EA-948A-4D38AF6109D9}.Debug|x86.Build.0 = Debug|Win32
		{2F15C12F-66B3-41EA-948A-4D38AF6109D9}.Release|x64.ActiveCfg = Release|x64
		{2F15C12F-66B3-41EA-948A-4D38AF6109D9}.Release|x64.Build.0 = Release|x64
		{2F15C12F-66B3-41EA-948A-4D38AF6109D9}.Release|x86.ActiveCfg = Release|Win32
		{2F15C12F-66B3-41EA-948A-4D38AF6109D9}.Release|x86.Build.0 = Release|Win32
		{41936EDB-EE96-43E2-AE05-85B2613108FA}.Debug|x64.ActiveCfg = Debug|x64
		{41936EDB-EE96-43E2-AE05-85B2613108FA}.Debug|x64.Build.0 = Debug|x64
		{41936EDB-EE96-43E2-AE05-85B2613108FA}.Debug|x86.ActiveCfg = Debug|Win32
		{41936EDB-EE96-43E2-AE05-85B2613108FA}.Debug|x86.Build.0 = Debug|Win32
		{41936EDB-EE96-43E2-AE05-85B2613108FA}.Release|x64.ActiveCfg = Release|x64
		{41936EDB-EE96-43E2-AE05-85B2613108FA}.Release|x64.Build.0 = Release|x64
		{41936EDB-EE96-43E2-AE05-85B2613108FA}.Release|x86.ActiveCfg = Release|Win32
		{41936EDB-EE96-43E2-AE05-85B2613108FA}.Release|x86.Build.0 = Release|Win32
		{5CF7D4BF-E706-412C-93FF-D53483CC7674}.Debug|x64.ActiveCfg = Debug|x64
		{5CF7D4BF-E706-412C-93FF-D53483CC7674}.Debug|x64.Build.0 = Debug|x64
		{5CF7D4BF-E706-412C-93FF-D53483CC7674}.Debug|x86.ActiveCfg = Debug|Win32
		{5CF7D4BF-E706-412C-93FF-D53483CC7674}.Debug|x86.Build.0 = Debug|Win32
		{5CF7D4BF-E706-412C-93FF-D53483CC7674}.Release|x64.ActiveCfg = Release|x64
		{5CF7D4BF-E706-412C-93FF-D53483CC7674}.Release|x64.Build.0 = Release|x64
		{5CF7D4BF-E706-412C-93FF-D53483CC7674}.Release|x86.ActiveCfg = Release|Win32
		{5CF7D4BF-E706-412C-93FF-D53483CC7674}.Release|x86.Build.0 = Release|Win32
		{AEE0623A-2580-4E50-999D-838B3F28080E}.Debug|x64.ActiveCfg = Debug|x64
		{AEE0623A-2580-4E50-999D-838B3F28080E}.Debug|x64.Build.0 = Debug|x64
		{AEE0623A-2580-4E50-999D-838B3F28080E}.Debug|x86.ActiveCfg = Debug|Win32
		{AEE0623A-2580-4E50-999D-838B3F28080E}.Debug|x86.Build.0 = Debug|Win32
		{AEE0623A-2580-4E50-999D-838B3F28080E}.Release|x64.ActiveCfg = Release|x64
		{AEE0623A-2580-4E50-999D-838B3F28080E}.Release|x64.Build.0 = Release|x64
		{AEE0623A-2580-4E50-999D-838B3F28080E}.Release|x86.ActiveCfg = Release|Win32
		{AEE0623A-2580-4E50-999D-838B3F28080E}.Release|x86.Build.0 = Release|Win32
		{35D90600-0924-4FF0-9F43-9BC0CEF84109}.Debug|x64.ActiveCfg = Debug|x64
		{35D90600-0924-4FF0-9F43-9BC0CEF84109}.Debug|x64.Build.0 = Debug|x64
		{35D90600-0924-4FF0-9F43-9BC0CEF84109}.Debug|x86.ActiveCfg = Debug|Win32
		{35D90600-0924-4FF0-9F43-9BC0CEF84109}.Debug|x86.Build.0 = Debug|Win32
		{35D90600-0924-4FF0-9F43-9BC0CEF84109}.Release|x64.ActiveCfg = Release|x64
		{35D90600-0924-4FF0-9F43-9BC0CEF84109}.Release|x64.Build.0 = Release|x64
		{35D90600-0924-4FF0-9F43-9BC0CEF84109}.Release|x86.ActiveCfg = Release|Win32
		{35D90600-0924-4FF0-9F43-9BC0CEF84109}.Release|x86.Build.0 = Release|Win32
		{C0687780-E63B-404E-8D4A-67F31E5C04E4}.Debug|x64.ActiveCfg = Debug|x64
		{C0687780-E63B-404E-8D4A-67F31E5C04E4}.Debug|x64.Build.0 = Debug|x64
		{C0687780-E63B-404E-8D4A-67F31E5C04E4}.Debug|x86.ActiveCfg = Debug|Win32
		{C0687780-E63B-404E-8D4A-67F31E5C04E4}.Debug|x86.Build.0 = Debug|Win32
		{C0687780-E63B-404E-8D4A-67F31E5C04E4}.Release|x64.ActiveCfg = Release|x64
		{C0687780-E63B-404E-8D4A-67F31E5C04E4}.Release|x64.Build.0 = Release|x64
		{C0687780-E63B-404E-8D4A-67F31E5C04E4}.Release|x86.ActiveCfg = Release|Win32
		{C0687780-E63B-404E-8D4A-67F31E5C04E4}.Release|x86.Build.0 = Release|Win32
		{C107A975-3B7D-4059-A3DD-1AB839207456}.Debug|x64.ActiveCfg = Debug|x64
		{C107A975-3B7D-4059-A3DD-1AB839207456}.Debug|x64.Build.0 = Debug|x64
		{C107A975-3B7D-4059-A3DD-1AB839207456}.Debug|x86.ActiveCfg = Debug|Win32
		{C107A975-3B7D-4059-A3DD-1AB839207456}.Debug|x86.Build.0 = Debug|Win32
		{C107A975-3B7D-4059-A3DD-1AB839207456}.Release|x64.ActiveCfg = Release|x64
		{C107A975-3B7D-4059-A3DD-1AB839207456}.Release|x64.Build.0 = Release|x64
		{C107A975-3B7D-4059-A3DD-1AB839207456}.Release|x86.ActiveCfg = Release|Win32
		{C107A975-3B7D-4059-A3DD-1AB839207456}.Release|x86.Build.0 = Release|Win32
	EndGlobalSection
	GlobalSection(SolutionProperties) = preSolution
		HideSolutionNode = FALSE
	EndGlobalSection
	GlobalSection(ExtensibilityGlobals) = postSolution
		SolutionGuid = {2EFD9A7F-2760-4C97-BC7B-191B1CDB1D56}
	EndGlobalSection
EndGlobal
